
Microsoft Visual Studio Solution File, Format Version 12.00
# Visual Studio Version 17
VisualStudioVersion = 17.8.34316.72
MinimumVisualStudioVersion = 10.0.40219.1
Project("{FAE04EC0-301F-11D3-BF4B-00C04F79EFBC}") = "MagicVilla_VillaAPI", "MagicVilla_VillaAPI\MagicVilla_VillaAPI.csproj", "{AB5B6A7E-7CF5-4D0D-8E67-171FDD26CAF1}"
EndProject
Global
	GlobalSection(SolutionConfigurationPlatforms) = preSolution
		Debug|Any CPU = Debug|Any CPU
		Release|Any CPU = Release|Any CPU
	EndGlobalSection
	GlobalSection(ProjectConfigurationPlatforms) = postSolution
		{AB5B6A7E-7CF5-4D0D-8E67-171FDD26CAF1}.Debug|Any CPU.ActiveCfg = Debug|Any CPU
		{AB5B6A7E-7CF5-4D0D-8E67-171FDD26CAF1}.Debug|Any CPU.Build.0 = Debug|Any CPU
		{AB5B6A7E-7CF5-4D0D-8E67-171FDD26CAF1}.Release|Any CPU.ActiveCfg = Release|Any CPU
		{AB5B6A7E-7CF5-4D0D-8E67-171FDD26CAF1}.Release|Any CPU.Build.0 = Release|Any CPU
	EndGlobalSection
	GlobalSection(SolutionProperties) = preSolution
		HideSolutionNode = FALSE
	EndGlobalSection
	GlobalSection(ExtensibilityGlobals) = postSolution
		SolutionGuid = {287F91EB-CCA8-4186-8C16-7801735B0892}
	EndGlobalSection
EndGlobal
